
Microsoft Visual Studio Solution File, Format Version 12.00
# Visual Studio Version 16
VisualStudioVersion = 16.0.31624.102
MinimumVisualStudioVersion = 10.0.40219.1
Project("{FAE04EC0-301F-11D3-BF4B-00C04F79EFBC}") = "FizzBuzz", "FizzBuzz\FizzBuzz.csproj", "{C11CB3C6-1569-4ED5-8CB6-848BC26EB88F}"
EndProject
Global
	GlobalSection(SolutionConfigurationPlatforms) = preSolution
		Debug|Any CPU = Debug|Any CPU
		Release|Any CPU = Release|Any CPU
	EndGlobalSection
	GlobalSection(ProjectConfigurationPlatforms) = postSolution
		{C11CB3C6-1569-4ED5-8CB6-848BC26EB88F}.Debug|Any CPU.ActiveCfg = Debug|Any CPU
		{C11CB3C6-1569-4ED5-8CB6-848BC26EB88F}.Debug|Any CPU.Build.0 = Debug|Any CPU
		{C11CB3C6-1569-4ED5-8CB6-848BC26EB88F}.Release|Any CPU.ActiveCfg = Release|Any CPU
		{C11CB3C6-1569-4ED5-8CB6-848BC26EB88F}.Release|Any CPU.Build.0 = Release|Any CPU
	EndGlobalSection
	GlobalSection(SolutionProperties) = preSolution
		HideSolutionNode = FALSE
	EndGlobalSection
	GlobalSection(ExtensibilityGlobals) = postSolution
		SolutionGuid = {4C1BC207-793D-4BB1-B454-D696609F9F49}
	EndGlobalSection
EndGlobal
